
Microsoft Visual Studio Solution File, Format Version 12.00
# Visual Studio Version 17
VisualStudioVersion = 17.0.32126.317
MinimumVisualStudioVersion = 10.0.40219.1
Project("{FAE04EC0-301F-11D3-BF4B-00C04F79EFBC}") = "Maze Game", "Maze Game.csproj", "{34A024CA-C7C9-4823-A9B2-E64CB44444DC}"
EndProject
Global
	GlobalSection(SolutionConfigurationPlatforms) = preSolution
		Debug|Any CPU = Debug|Any CPU
		Release|Any CPU = Release|Any CPU
	EndGlobalSection
	GlobalSection(ProjectConfigurationPlatforms) = postSolution
		{34A024CA-C7C9-4823-A9B2-E64CB44444DC}.Debug|Any CPU.ActiveCfg = Debug|Any CPU
		{34A024CA-C7C9-4823-A9B2-E64CB44444DC}.Debug|Any CPU.Build.0 = Debug|Any CPU
		{34A024CA-C7C9-4823-A9B2-E64CB44444DC}.Release|Any CPU.ActiveCfg = Release|Any CPU
		{34A024CA-C7C9-4823-A9B2-E64CB44444DC}.Release|Any CPU.Build.0 = Release|Any CPU
	EndGlobalSection
	GlobalSection(SolutionProperties) = preSolution
		HideSolutionNode = FALSE
	EndGlobalSection
	GlobalSection(ExtensibilityGlobals) = postSolution
		SolutionGuid = {82FA83C3-EA7A-4F30-A629-DA3E4D40C5BE}
	EndGlobalSection
EndGlobal
